
Microsoft Visual Studio Solution File, Format Version 12.00
# Visual Studio Version 16
VisualStudioVersion = 16.0.31911.196
MinimumVisualStudioVersion = 10.0.40219.1
Project("{9A19103F-16F7-4668-BE54-9A1E7A4F7556}") = "HiddenVilla_Server", "HiddenVilla_Server\HiddenVilla_Server.csproj", "{03391453-8602-4793-B664-738BA3F663D2}"
EndProject
Project("{9A19103F-16F7-4668-BE54-9A1E7A4F7556}") = "DataAccess", "DataAccess\DataAccess.csproj", "{4A084BAF-F36C-4FA9-AEA5-1A49FA9FB5CC}"
EndProject
Project("{9A19103F-16F7-4668-BE54-9A1E7A4F7556}") = "Common", "Common\Common.csproj", "{C00BB963-8B88-4F44-B85D-AAFC57C51AEB}"
EndProject
Project("{9A19103F-16F7-4668-BE54-9A1E7A4F7556}") = "Business", "Business\Business.csproj", "{7D62F05B-E93B-4706-8701-597D87F01381}"
EndProject
Project("{9A19103F-16F7-4668-BE54-9A1E7A4F7556}") = "Models", "Models\Models.csproj", "{2D82613E-D5A1-43FC-98F0-6CAE333030C4}"
EndProject
Project("{9A19103F-16F7-4668-BE54-9A1E7A4F7556}") = "HiddenVilla_Api", "HiddenVilla_Api\HiddenVilla_Api.csproj", "{ED109B52-2F8E-4E06-854B-AD7EC348A97E}"
EndProject
Project("{FAE04EC0-301F-11D3-BF4B-00C04F79EFBC}") = "HiddenVilla_Client", "HiddenVilla_Client\HiddenVilla_Client.csproj", "{68C4A163-7290-40B0-8A08-634ED35A70B8}"
EndProject
Global
	GlobalSection(SolutionConfigurationPlatforms) = preSolution
		Debug|Any CPU = Debug|Any CPU
		Release|Any CPU = Release|Any CPU
	EndGlobalSection
	GlobalSection(ProjectConfigurationPlatforms) = postSolution
		{03391453-8602-4793-B664-738BA3F663D2}.Debug|Any CPU.ActiveCfg = Debug|Any CPU
		{03391453-8602-4793-B664-738BA3F663D2}.Debug|Any CPU.Build.0 = Debug|Any CPU
		{03391453-8602-4793-B664-738BA3F663D2}.Release|Any CPU.ActiveCfg = Release|Any CPU
		{03391453-8602-4793-B664-738BA3F663D2}.Release|Any CPU.Build.0 = Release|Any CPU
		{4A084BAF-F36C-4FA9-AEA5-1A49FA9FB5CC}.Debug|Any CPU.ActiveCfg = Debug|Any CPU
		{4A084BAF-F36C-4FA9-AEA5-1A49FA9FB5CC}.Debug|Any CPU.Build.0 = Debug|Any CPU
		{4A084BAF-F36C-4FA9-AEA5-1A49FA9FB5CC}.Release|Any CPU.ActiveCfg = Release|Any CPU
		{4A084BAF-F36C-4FA9-AEA5-1A49FA9FB5CC}.Release|Any CPU.Build.0 = Release|Any CPU
		{C00BB963-8B88-4F44-B85D-AAFC57C51AEB}.Debug|Any CPU.ActiveCfg = Debug|Any CPU
		{C00BB963-8B88-4F44-B85D-AAFC57C51AEB}.Debug|Any CPU.Build.0 = Debug|Any CPU
		{C00BB963-8B88-4F44-B85D-AAFC57C51AEB}.Release|Any CPU.ActiveCfg = Release|Any CPU
		{C00BB963-8B88-4F44-B85D-AAFC57C51AEB}.Release|Any CPU.Build.0 = Release|Any CPU
		{7D62F05B-E93B-4706-8701-597D87F01381}.Debug|Any CPU.ActiveCfg = Debug|Any CPU
		{7D62F05B-E93B-4706-8701-597D87F01381}.Debug|Any CPU.Build.0 = Debug|Any CPU
		{7D62F05B-E93B-4706-8701-597D87F01381}.Release|Any CPU.ActiveCfg = Release|Any CPU
		{7D62F05B-E93B-4706-8701-597D87F01381}.Release|Any CPU.Build.0 = Release|Any CPU
		{2D82613E-D5A1-43FC-98F0-6CAE333030C4}.Debug|Any CPU.ActiveCfg = Debug|Any CPU
		{2D82613E-D5A1-43FC-98F0-6CAE333030C4}.Debug|Any CPU.Build.0 = Debug|Any CPU
		{2D82613E-D5A1-43FC-98F0-6CAE333030C4}.Release|Any CPU.ActiveCfg = Release|Any CPU
		{2D82613E-D5A1-43FC-98F0-6CAE333030C4}.Release|Any CPU.Build.0 = Release|Any CPU
		{ED109B52-2F8E-4E06-854B-AD7EC348A97E}.Debug|Any CPU.ActiveCfg = Debug|Any CPU
		{ED109B52-2F8E-4E06-854B-AD7EC348A97E}.Debug|Any CPU.Build.0 = Debug|Any CPU
		{ED109B52-2F8E-4E06-854B-AD7EC348A97E}.Release|Any CPU.ActiveCfg = Release|Any CPU
		{ED109B52-2F8E-4E06-854B-AD7EC348A97E}.Release|Any CPU.Build.0 = Release|Any CPU
		{68C4A163-7290-40B0-8A08-634ED35A70B8}.Debug|Any CPU.ActiveCfg = Debug|Any CPU
		{68C4A163-7290-40B0-8A08-634ED35A70B8}.Debug|Any CPU.Build.0 = Debug|Any CPU
		{68C4A163-7290-40B0-8A08-634ED35A70B8}.Release|Any CPU.ActiveCfg = Release|Any CPU
		{68C4A163-7290-40B0-8A08-634ED35A70B8}.Release|Any CPU.Build.0 = Release|Any CPU
	EndGlobalSection
	GlobalSection(SolutionProperties) = preSolution
		HideSolutionNode = FALSE
	EndGlobalSection
	GlobalSection(ExtensibilityGlobals) = postSolution
		SolutionGuid = {50F0B50F-26FA-4D03-BB6E-2362E5D83891}
	EndGlobalSection
EndGlobal
